// !$*UTF8*$!
{
	archiveVersion = 1;
	classes = {
	};
	objectVersion = 46;
	objects = {

/* Begin PBXBuildFile section */
		9C286FA91B1A276700B0EFEE /* EditFriendsTableViewController.m in Sources */ = {isa = PBXBuildFile; fileRef = 9C286FA81B1A276700B0EFEE /* EditFriendsTableViewController.m */; };
		9C286FAC1B1A34FC00B0EFEE /* FriendsTableViewController.m in Sources */ = {isa = PBXBuildFile; fileRef = 9C286FAB1B1A34FC00B0EFEE /* FriendsTableViewController.m */; };
		9C286FAF1B1A898400B0EFEE /* CameraTableViewController.m in Sources */ = {isa = PBXBuildFile; fileRef = 9C286FAE1B1A898400B0EFEE /* CameraTableViewController.m */; };
		9CD65B781B14269A00B4CE8A /* main.m in Sources */ = {isa = PBXBuildFile; fileRef = 9CD65B771B14269A00B4CE8A /* main.m */; };
		9CD65B7B1B14269A00B4CE8A /* AppDelegate.m in Sources */ = {isa = PBXBuildFile; fileRef = 9CD65B7A1B14269A00B4CE8A /* AppDelegate.m */; };
		9CD65B7E1B14269A00B4CE8A /* Ribbit.xcdatamodeld in Sources */ = {isa = PBXBuildFile; fileRef = 9CD65B7C1B14269A00B4CE8A /* Ribbit.xcdatamodeld */; };
		9CD65B841B14269A00B4CE8A /* Main.storyboard in Resources */ = {isa = PBXBuildFile; fileRef = 9CD65B821B14269A00B4CE8A /* Main.storyboard */; };
		9CD65B861B14269A00B4CE8A /* Images.xcassets in Resources */ = {isa = PBXBuildFile; fileRef = 9CD65B851B14269A00B4CE8A /* Images.xcassets */; };
		9CD65B891B14269A00B4CE8A /* LaunchScreen.xib in Resources */ = {isa = PBXBuildFile; fileRef = 9CD65B871B14269A00B4CE8A /* LaunchScreen.xib */; };
		9CD65B951B14269A00B4CE8A /* RibbitTests.m in Sources */ = {isa = PBXBuildFile; fileRef = 9CD65B941B14269A00B4CE8A /* RibbitTests.m */; };
		9CD65BA01B14327600B4CE8A /* InboxTableViewController.m in Sources */ = {isa = PBXBuildFile; fileRef = 9CD65B9F1B14327600B4CE8A /* InboxTableViewController.m */; };
		9CD65BA31B1444BF00B4CE8A /* Bolts.framework in Frameworks */ = {isa = PBXBuildFile; fileRef = 9CD65BA11B1444BF00B4CE8A /* Bolts.framework */; };
		9CD65BA41B1444C000B4CE8A /* Parse.framework in Frameworks */ = {isa = PBXBuildFile; fileRef = 9CD65BA21B1444BF00B4CE8A /* Parse.framework */; };
		9CD65BA61B1444FA00B4CE8A /* AudioToolbox.framework in Frameworks */ = {isa = PBXBuildFile; fileRef = 9CD65BA51B1444FA00B4CE8A /* AudioToolbox.framework */; };
		9CD65BAA1B14450C00B4CE8A /* CFNetwork.framework in Frameworks */ = {isa = PBXBuildFile; fileRef = 9CD65BA71B14450C00B4CE8A /* CFNetwork.framework */; };
		9CD65BAB1B14450C00B4CE8A /* CoreGraphics.framework in Frameworks */ = {isa = PBXBuildFile; fileRef = 9CD65BA81B14450C00B4CE8A /* CoreGraphics.framework */; };
		9CD65BAC1B14450C00B4CE8A /* CoreLocation.framework in Frameworks */ = {isa = PBXBuildFile; fileRef = 9CD65BA91B14450C00B4CE8A /* CoreLocation.framework */; };
		9CD65BAE1B14452000B4CE8A /* MobileCoreServices.framework in Frameworks */ = {isa = PBXBuildFile; fileRef = 9CD65BAD1B14452000B4CE8A /* MobileCoreServices.framework */; };
		9CD65BB01B14453000B4CE8A /* QuartzCore.framework in Frameworks */ = {isa = PBXBuildFile; fileRef = 9CD65BAF1B14453000B4CE8A /* QuartzCore.framework */; };
		9CD65BB21B14453A00B4CE8A /* Security.framework in Frameworks */ = {isa = PBXBuildFile; fileRef = 9CD65BB11B14453A00B4CE8A /* Security.framework */; };
		9CD65BB41B14454600B4CE8A /* StoreKit.framework in Frameworks */ = {isa = PBXBuildFile; fileRef = 9CD65BB31B14454600B4CE8A /* StoreKit.framework */; };
		9CD65BB61B14455300B4CE8A /* SystemConfiguration.framework in Frameworks */ = {isa = PBXBuildFile; fileRef = 9CD65BB51B14455300B4CE8A /* SystemConfiguration.framework */; };
		9CD65BB81B14455F00B4CE8A /* libz.dylib in Frameworks */ = {isa = PBXBuildFile; fileRef = 9CD65BB71B14455F00B4CE8A /* libz.dylib */; };
		9CD65BBA1B14456D00B4CE8A /* libsqlite3.dylib in Frameworks */ = {isa = PBXBuildFile; fileRef = 9CD65BB91B14456D00B4CE8A /* libsqlite3.dylib */; };
		9CD65BBD1B14D4B600B4CE8A /* LoginViewController.m in Sources */ = {isa = PBXBuildFile; fileRef = 9CD65BBC1B14D4B600B4CE8A /* LoginViewController.m */; };
		9CD65BC01B14D4C400B4CE8A /* SignupViewController.m in Sources */ = {isa = PBXBuildFile; fileRef = 9CD65BBF1B14D4C400B4CE8A /* SignupViewController.m */; };
/* End PBXBuildFile section */

/* Begin PBXContainerItemProxy section */
		9CD65B8F1B14269A00B4CE8A /* PBXContainerItemProxy */ = {
			isa = PBXContainerItemProxy;
			containerPortal = 9CD65B6A1B14269900B4CE8A /* Project object */;
			proxyType = 1;
			remoteGlobalIDString = 9CD65B711B14269900B4CE8A;
			remoteInfo = Ribbit;
		};
/* End PBXContainerItemProxy section */

/* Begin PBXFileReference section */
		9C286FA71B1A276700B0EFEE /* EditFriendsTableViewController.h */ = {isa = PBXFileReference; fileEncoding = 4; lastKnownFileType = sourcecode.c.h; path = EditFriendsTableViewController.h; sourceTree = "<group>"; };
		9C286FA81B1A276700B0EFEE /* EditFriendsTableViewController.m */ = {isa = PBXFileReference; fileEncoding = 4; lastKnownFileType = sourcecode.c.objc; path = EditFriendsTableViewController.m; sourceTree = "<group>"; };
		9C286FAA1B1A34FC00B0EFEE /* FriendsTableViewController.h */ = {isa = PBXFileReference; fileEncoding = 4; lastKnownFileType = sourcecode.c.h; path = FriendsTableViewController.h; sourceTree = "<group>"; };
		9C286FAB1B1A34FC00B0EFEE /* FriendsTableViewController.m */ = {isa = PBXFileReference; fileEncoding = 4; lastKnownFileType = sourcecode.c.objc; path = FriendsTableViewController.m; sourceTree = "<group>"; };
		9C286FAD1B1A898400B0EFEE /* CameraTableViewController.h */ = {isa = PBXFileReference; fileEncoding = 4; lastKnownFileType = sourcecode.c.h; path = CameraTableViewController.h; sourceTree = "<group>"; };
		9C286FAE1B1A898400B0EFEE /* CameraTableViewController.m */ = {isa = PBXFileReference; fileEncoding = 4; lastKnownFileType = sourcecode.c.objc; path = CameraTableViewController.m; sourceTree = "<group>"; };
		9CD65B721B14269A00B4CE8A /* Ribbit.app */ = {isa = PBXFileReference; explicitFileType = wrapper.application; includeInIndex = 0; path = Ribbit.app; sourceTree = BUILT_PRODUCTS_DIR; };
		9CD65B761B14269A00B4CE8A /* Info.plist */ = {isa = PBXFileReference; lastKnownFileType = text.plist.xml; path = Info.plist; sourceTree = "<group>"; };
		9CD65B771B14269A00B4CE8A /* main.m */ = {isa = PBXFileReference; lastKnownFileType = sourcecode.c.objc; path = main.m; sourceTree = "<group>"; };
		9CD65B791B14269A00B4CE8A /* AppDelegate.h */ = {isa = PBXFileReference; lastKnownFileType = sourcecode.c.h; path = AppDelegate.h; sourceTree = "<group>"; };
		9CD65B7A1B14269A00B4CE8A /* AppDelegate.m */ = {isa = PBXFileReference; lastKnownFileType = sourcecode.c.objc; path = AppDelegate.m; sourceTree = "<group>"; };
		9CD65B7D1B14269A00B4CE8A /* Ribbit.xcdatamodel */ = {isa = PBXFileReference; lastKnownFileType = wrapper.xcdatamodel; path = Ribbit.xcdatamodel; sourceTree = "<group>"; };
		9CD65B831B14269A00B4CE8A /* Base */ = {isa = PBXFileReference; lastKnownFileType = file.storyboard; name = Base; path = Base.lproj/Main.storyboard; sourceTree = "<group>"; };
		9CD65B851B14269A00B4CE8A /* Images.xcassets */ = {isa = PBXFileReference; lastKnownFileType = folder.assetcatalog; path = Images.xcassets; sourceTree = "<group>"; };
		9CD65B881B14269A00B4CE8A /* Base */ = {isa = PBXFileReference; lastKnownFileType = file.xib; name = Base; path = Base.lproj/LaunchScreen.xib; sourceTree = "<group>"; };
		9CD65B8E1B14269A00B4CE8A /* RibbitTests.xctest */ = {isa = PBXFileReference; explicitFileType = wrapper.cfbundle; includeInIndex = 0; path = RibbitTests.xctest; sourceTree = BUILT_PRODUCTS_DIR; };
		9CD65B931B14269A00B4CE8A /* Info.plist */ = {isa = PBXFileReference; lastKnownFileType = text.plist.xml; path = Info.plist; sourceTree = "<group>"; };
		9CD65B941B14269A00B4CE8A /* RibbitTests.m */ = {isa = PBXFileReference; lastKnownFileType = sourcecode.c.objc; path = RibbitTests.m; sourceTree = "<group>"; };
		9CD65B9E1B14327600B4CE8A /* InboxTableViewController.h */ = {isa = PBXFileReference; fileEncoding = 4; lastKnownFileType = sourcecode.c.h; path = InboxTableViewController.h; sourceTree = "<group>"; };
		9CD65B9F1B14327600B4CE8A /* InboxTableViewController.m */ = {isa = PBXFileReference; fileEncoding = 4; lastKnownFileType = sourcecode.c.objc; path = InboxTableViewController.m; sourceTree = "<group>"; };
		9CD65BA11B1444BF00B4CE8A /* Bolts.framework */ = {isa = PBXFileReference; lastKnownFileType = wrapper.framework; path = Bolts.framework; sourceTree = "<group>"; };
		9CD65BA21B1444BF00B4CE8A /* Parse.framework */ = {isa = PBXFileReference; lastKnownFileType = wrapper.framework; path = Parse.framework; sourceTree = "<group>"; };
		9CD65BA51B1444FA00B4CE8A /* AudioToolbox.framework */ = {isa = PBXFileReference; lastKnownFileType = wrapper.framework; name = AudioToolbox.framework; path = System/Library/Frameworks/AudioToolbox.framework; sourceTree = SDKROOT; };
		9CD65BA71B14450C00B4CE8A /* CFNetwork.framework */ = {isa = PBXFileReference; lastKnownFileType = wrapper.framework; name = CFNetwork.framework; path = System/Library/Frameworks/CFNetwork.framework; sourceTree = SDKROOT; };
		9CD65BA81B14450C00B4CE8A /* CoreGraphics.framework */ = {isa = PBXFileReference; lastKnownFileType = wrapper.framework; name = CoreGraphics.framework; path = System/Library/Frameworks/CoreGraphics.framework; sourceTree = SDKROOT; };
		9CD65BA91B14450C00B4CE8A /* CoreLocation.framework */ = {isa = PBXFileReference; lastKnownFileType = wrapper.framework; name = CoreLocation.framework; path = System/Library/Frameworks/CoreLocation.framework; sourceTree = SDKROOT; };
		9CD65BAD1B14452000B4CE8A /* MobileCoreServices.framework */ = {isa = PBXFileReference; lastKnownFileType = wrapper.framework; name = MobileCoreServices.framework; path = System/Library/Frameworks/MobileCoreServices.framework; sourceTree = SDKROOT; };
		9CD65BAF1B14453000B4CE8A /* QuartzCore.framework */ = {isa = PBXFileReference; lastKnownFileType = wrapper.framework; name = QuartzCore.framework; path = System/Library/Frameworks/QuartzCore.framework; sourceTree = SDKROOT; };
		9CD65BB11B14453A00B4CE8A /* Security.framework */ = {isa = PBXFileReference; lastKnownFileType = wrapper.framework; name = Security.framework; path = System/Library/Frameworks/Security.framework; sourceTree = SDKROOT; };
		9CD65BB31B14454600B4CE8A /* StoreKit.framework */ = {isa = PBXFileReference; lastKnownFileType = wrapper.framework; name = StoreKit.framework; path = System/Library/Frameworks/StoreKit.framework; sourceTree = SDKROOT; };
		9CD65BB51B14455300B4CE8A /* SystemConfiguration.framework */ = {isa = PBXFileReference; lastKnownFileType = wrapper.framework; name = SystemConfiguration.framework; path = System/Library/Frameworks/SystemConfiguration.framework; sourceTree = SDKROOT; };
		9CD65BB71B14455F00B4CE8A /* libz.dylib */ = {isa = PBXFileReference; lastKnownFileType = "compiled.mach-o.dylib"; name = libz.dylib; path = usr/lib/libz.dylib; sourceTree = SDKROOT; };
		9CD65BB91B14456D00B4CE8A /* libsqlite3.dylib */ = {isa = PBXFileReference; lastKnownFileType = "compiled.mach-o.dylib"; name = libsqlite3.dylib; path = usr/lib/libsqlite3.dylib; sourceTree = SDKROOT; };
		9CD65BBB1B14D4B600B4CE8A /* LoginViewController.h */ = {isa = PBXFileReference; fileEncoding = 4; lastKnownFileType = sourcecode.c.h; path = LoginViewController.h; sourceTree = "<group>"; };
		9CD65BBC1B14D4B600B4CE8A /* LoginViewController.m */ = {isa = PBXFileReference; fileEncoding = 4; lastKnownFileType = sourcecode.c.objc; path = LoginViewController.m; sourceTree = "<group>"; };
		9CD65BBE1B14D4C400B4CE8A /* SignupViewController.h */ = {isa = PBXFileReference; fileEncoding = 4; lastKnownFileType = sourcecode.c.h; path = SignupViewController.h; sourceTree = "<group>"; };
		9CD65BBF1B14D4C400B4CE8A /* SignupViewController.m */ = {isa = PBXFileReference; fileEncoding = 4; lastKnownFileType = sourcecode.c.objc; path = SignupViewController.m; sourceTree = "<group>"; };
/* End PBXFileReference section */

/* Begin PBXFrameworksBuildPhase section */
		9CD65B6F1B14269900B4CE8A /* Frameworks */ = {
			isa = PBXFrameworksBuildPhase;
			buildActionMask = 2147483647;
			files = (
				9CD65BBA1B14456D00B4CE8A /* libsqlite3.dylib in Frameworks */,
				9CD65BB81B14455F00B4CE8A /* libz.dylib in Frameworks */,
				9CD65BB61B14455300B4CE8A /* SystemConfiguration.framework in Frameworks */,
				9CD65BB41B14454600B4CE8A /* StoreKit.framework in Frameworks */,
				9CD65BB21B14453A00B4CE8A /* Security.framework in Frameworks */,
				9CD65BB01B14453000B4CE8A /* QuartzCore.framework in Frameworks */,
				9CD65BAE1B14452000B4CE8A /* MobileCoreServices.framework in Frameworks */,
				9CD65BAA1B14450C00B4CE8A /* CFNetwork.framework in Frameworks */,
				9CD65BAB1B14450C00B4CE8A /* CoreGraphics.framework in Frameworks */,
				9CD65BAC1B14450C00B4CE8A /* CoreLocation.framework in Frameworks */,
				9CD65BA61B1444FA00B4CE8A /* AudioToolbox.framework in Frameworks */,
				9CD65BA41B1444C000B4CE8A /* Parse.framework in Frameworks */,
				9CD65BA31B1444BF00B4CE8A /* Bolts.framework in Frameworks */,
			);
			runOnlyForDeploymentPostprocessing = 0;
		};
		9CD65B8B1B14269A00B4CE8A /* Frameworks */ = {
			isa = PBXFrameworksBuildPhase;
			buildActionMask = 2147483647;
			files = (
			);
			runOnlyForDeploymentPostprocessing = 0;
		};
/* End PBXFrameworksBuildPhase section */

/* Begin PBXGroup section */
		9CD65B691B14269900B4CE8A = {
			isa = PBXGroup;
			children = (
				9CD65B741B14269A00B4CE8A /* Ribbit */,
				9CD65B911B14269A00B4CE8A /* RibbitTests */,
				9CD65B731B14269A00B4CE8A /* Products */,
			);
			sourceTree = "<group>";
		};
		9CD65B731B14269A00B4CE8A /* Products */ = {
			isa = PBXGroup;
			children = (
				9CD65B721B14269A00B4CE8A /* Ribbit.app */,
				9CD65B8E1B14269A00B4CE8A /* RibbitTests.xctest */,
			);
			name = Products;
			sourceTree = "<group>";
		};
		9CD65B741B14269A00B4CE8A /* Ribbit */ = {
			isa = PBXGroup;
			children = (
				9CD65B791B14269A00B4CE8A /* AppDelegate.h */,
				9CD65B7A1B14269A00B4CE8A /* AppDelegate.m */,
				9CD65B9E1B14327600B4CE8A /* InboxTableViewController.h */,
				9CD65B9F1B14327600B4CE8A /* InboxTableViewController.m */,
				9CD65BBB1B14D4B600B4CE8A /* LoginViewController.h */,
				9CD65BBC1B14D4B600B4CE8A /* LoginViewController.m */,
				9CD65BBE1B14D4C400B4CE8A /* SignupViewController.h */,
				9CD65BBF1B14D4C400B4CE8A /* SignupViewController.m */,
				9C286FAA1B1A34FC00B0EFEE /* FriendsTableViewController.h */,
				9C286FAB1B1A34FC00B0EFEE /* FriendsTableViewController.m */,
				9C286FA71B1A276700B0EFEE /* EditFriendsTableViewController.h */,
				9C286FA81B1A276700B0EFEE /* EditFriendsTableViewController.m */,
				9C286FAD1B1A898400B0EFEE /* CameraTableViewController.h */,
				9C286FAE1B1A898400B0EFEE /* CameraTableViewController.m */,
				9CD65B821B14269A00B4CE8A /* Main.storyboard */,
				9CD65B851B14269A00B4CE8A /* Images.xcassets */,
				9CD65B871B14269A00B4CE8A /* LaunchScreen.xib */,
				9CD65B7C1B14269A00B4CE8A /* Ribbit.xcdatamodeld */,
				9CD65B751B14269A00B4CE8A /* Supporting Files */,
			);
			path = Ribbit;
			sourceTree = "<group>";
		};
		9CD65B751B14269A00B4CE8A /* Supporting Files */ = {
			isa = PBXGroup;
			children = (
				9CD65BB91B14456D00B4CE8A /* libsqlite3.dylib */,
				9CD65BB71B14455F00B4CE8A /* libz.dylib */,
				9CD65BB51B14455300B4CE8A /* SystemConfiguration.framework */,
				9CD65BB31B14454600B4CE8A /* StoreKit.framework */,
				9CD65BB11B14453A00B4CE8A /* Security.framework */,
				9CD65BAF1B14453000B4CE8A /* QuartzCore.framework */,
				9CD65BAD1B14452000B4CE8A /* MobileCoreServices.framework */,
				9CD65BA71B14450C00B4CE8A /* CFNetwork.framework */,
				9CD65BA81B14450C00B4CE8A /* CoreGraphics.framework */,
				9CD65BA91B14450C00B4CE8A /* CoreLocation.framework */,
				9CD65BA51B1444FA00B4CE8A /* AudioToolbox.framework */,
				9CD65BA11B1444BF00B4CE8A /* Bolts.framework */,
				9CD65BA21B1444BF00B4CE8A /* Parse.framework */,
				9CD65B761B14269A00B4CE8A /* Info.plist */,
				9CD65B771B14269A00B4CE8A /* main.m */,
			);
			name = "Supporting Files";
			sourceTree = "<group>";
		};
		9CD65B911B14269A00B4CE8A /* RibbitTests */ = {
			isa = PBXGroup;
			children = (
				9CD65B941B14269A00B4CE8A /* RibbitTests.m */,
				9CD65B921B14269A00B4CE8A /* Supporting Files */,
			);
			path = RibbitTests;
			sourceTree = "<group>";
		};
		9CD65B921B14269A00B4CE8A /* Supporting Files */ = {
			isa = PBXGroup;
			children = (
				9CD65B931B14269A00B4CE8A /* Info.plist */,
			);
			name = "Supporting Files";
			sourceTree = "<group>";
		};
/* End PBXGroup section */

/* Begin PBXNativeTarget section */
		9CD65B711B14269900B4CE8A /* Ribbit */ = {
			isa = PBXNativeTarget;
			buildConfigurationList = 9CD65B981B14269A00B4CE8A /* Build configuration list for PBXNativeTarget "Ribbit" */;
			buildPhases = (
				9CD65B6E1B14269900B4CE8A /* Sources */,
				9CD65B6F1B14269900B4CE8A /* Frameworks */,
				9CD65B701B14269900B4CE8A /* Resources */,
			);
			buildRules = (
			);
			dependencies = (
			);
			name = Ribbit;
			productName = Ribbit;
			productReference = 9CD65B721B14269A00B4CE8A /* Ribbit.app */;
			productType = "com.apple.product-type.application";
		};
		9CD65B8D1B14269A00B4CE8A /* RibbitTests */ = {
			isa = PBXNativeTarget;
			buildConfigurationList = 9CD65B9B1B14269A00B4CE8A /* Build configuration list for PBXNativeTarget "RibbitTests" */;
			buildPhases = (
				9CD65B8A1B14269A00B4CE8A /* Sources */,
				9CD65B8B1B14269A00B4CE8A /* Frameworks */,
				9CD65B8C1B14269A00B4CE8A /* Resources */,
			);
			buildRules = (
			);
			dependencies = (
				9CD65B901B14269A00B4CE8A /* PBXTargetDependency */,
			);
			name = RibbitTests;
			productName = RibbitTests;
			productReference = 9CD65B8E1B14269A00B4CE8A /* RibbitTests.xctest */;
			productType = "com.apple.product-type.bundle.unit-test";
		};
/* End PBXNativeTarget section */

/* Begin PBXProject section */
		9CD65B6A1B14269900B4CE8A /* Project object */ = {
			isa = PBXProject;
			attributes = {
				LastUpgradeCheck = 0620;
				ORGANIZATIONNAME = JWANG;
				TargetAttributes = {
					9CD65B711B14269900B4CE8A = {
						CreatedOnToolsVersion = 6.2;
					};
					9CD65B8D1B14269A00B4CE8A = {
						CreatedOnToolsVersion = 6.2;
						TestTargetID = 9CD65B711B14269900B4CE8A;
					};
				};
			};
			buildConfigurationList = 9CD65B6D1B14269900B4CE8A /* Build configuration list for PBXProject "Ribbit" */;
			compatibilityVersion = "Xcode 3.2";
			developmentRegion = English;
			hasScannedForEncodings = 0;
			knownRegions = (
				en,
				Base,
			);
			mainGroup = 9CD65B691B14269900B4CE8A;
			productRefGroup = 9CD65B731B14269A00B4CE8A /* Products */;
			projectDirPath = "";
			projectRoot = "";
			targets = (
				9CD65B711B14269900B4CE8A /* Ribbit */,
				9CD65B8D1B14269A00B4CE8A /* RibbitTests */,
			);
		};
/* End PBXProject section */

/* Begin PBXResourcesBuildPhase section */
		9CD65B701B14269900B4CE8A /* Resources */ = {
			isa = PBXResourcesBuildPhase;
			buildActionMask = 2147483647;
			files = (
				9CD65B841B14269A00B4CE8A /* Main.storyboard in Resources */,
				9CD65B891B14269A00B4CE8A /* LaunchScreen.xib in Resources */,
				9CD65B861B14269A00B4CE8A /* Images.xcassets in Resources */,
			);
			runOnlyForDeploymentPostprocessing = 0;
		};
		9CD65B8C1B14269A00B4CE8A /* Resources */ = {
			isa = PBXResourcesBuildPhase;
			buildActionMask = 2147483647;
			files = (
			);
			runOnlyForDeploymentPostprocessing = 0;
		};
/* End PBXResourcesBuildPhase section */

/* Begin PBXSourcesBuildPhase section */
		9CD65B6E1B14269900B4CE8A /* Sources */ = {
			isa = PBXSourcesBuildPhase;
			buildActionMask = 2147483647;
			files = (
				9C286FA91B1A276700B0EFEE /* EditFriendsTableViewController.m in Sources */,
				9C286FAC1B1A34FC00B0EFEE /* FriendsTableViewController.m in Sources */,
				9CD65BC01B14D4C400B4CE8A /* SignupViewController.m in Sources */,
				9C286FAF1B1A898400B0EFEE /* CameraTableViewController.m in Sources */,
				9CD65BA01B14327600B4CE8A /* InboxTableViewController.m in Sources */,
				9CD65B7E1B14269A00B4CE8A /* Ribbit.xcdatamodeld in Sources */,
				9CD65B7B1B14269A00B4CE8A /* AppDelegate.m in Sources */,
				9CD65B781B14269A00B4CE8A /* main.m in Sources */,
				9CD65BBD1B14D4B600B4CE8A /* LoginViewController.m in Sources */,
			);
			runOnlyForDeploymentPostprocessing = 0;
		};
		9CD65B8A1B14269A00B4CE8A /* Sources */ = {
			isa = PBXSourcesBuildPhase;
			buildActionMask = 2147483647;
			files = (
				9CD65B951B14269A00B4CE8A /* RibbitTests.m in Sources */,
			);
			runOnlyForDeploymentPostprocessing = 0;
		};
/* End PBXSourcesBuildPhase section */

/* Begin PBXTargetDependency section */
		9CD65B901B14269A00B4CE8A /* PBXTargetDependency */ = {
			isa = PBXTargetDependency;
			target = 9CD65B711B14269900B4CE8A /* Ribbit */;
			targetProxy = 9CD65B8F1B14269A00B4CE8A /* PBXContainerItemProxy */;
		};
/* End PBXTargetDependency section */

/* Begin PBXVariantGroup section */
		9CD65B821B14269A00B4CE8A /* Main.storyboard */ = {
			isa = PBXVariantGroup;
			children = (
				9CD65B831B14269A00B4CE8A /* Base */,
			);
			name = Main.storyboard;
			sourceTree = "<group>";
		};
		9CD65B871B14269A00B4CE8A /* LaunchScreen.xib */ = {
			isa = PBXVariantGroup;
			children = (
				9CD65B881B14269A00B4CE8A /* Base */,
			);
			name = LaunchScreen.xib;
			sourceTree = "<group>";
		};
/* End PBXVariantGroup section */

/* Begin XCBuildConfiguration section */
		9CD65B961B14269A00B4CE8A /* Debug */ = {
			isa = XCBuildConfiguration;
			buildSettings = {
				ALWAYS_SEARCH_USER_PATHS = NO;
				CLANG_CXX_LANGUAGE_STANDARD = "gnu++0x";
				CLANG_CXX_LIBRARY = "libc++";
				CLANG_ENABLE_MODULES = YES;
				CLANG_ENABLE_OBJC_ARC = YES;
				CLANG_WARN_BOOL_CONVERSION = YES;
				CLANG_WARN_CONSTANT_CONVERSION = YES;
				CLANG_WARN_DIRECT_OBJC_ISA_USAGE = YES_ERROR;
				CLANG_WARN_EMPTY_BODY = YES;
				CLANG_WARN_ENUM_CONVERSION = YES;
				CLANG_WARN_INT_CONVERSION = YES;
				CLANG_WARN_OBJC_ROOT_CLASS = YES_ERROR;
				CLANG_WARN_UNREACHABLE_CODE = YES;
				CLANG_WARN__DUPLICATE_METHOD_MATCH = YES;
				"CODE_SIGN_IDENTITY[sdk=iphoneos*]" = "iPhone Developer";
				COPY_PHASE_STRIP = NO;
				ENABLE_STRICT_OBJC_MSGSEND = YES;
				GCC_C_LANGUAGE_STANDARD = gnu99;
				GCC_DYNAMIC_NO_PIC = NO;
				GCC_OPTIMIZATION_LEVEL = 0;
				GCC_PREPROCESSOR_DEFINITIONS = (
					"DEBUG=1",
					"$(inherited)",
				);
				GCC_SYMBOLS_PRIVATE_EXTERN = NO;
				GCC_WARN_64_TO_32_BIT_CONVERSION = YES;
				GCC_WARN_ABOUT_RETURN_TYPE = YES_ERROR;
				GCC_WARN_UNDECLARED_SELECTOR = YES;
				GCC_WARN_UNINITIALIZED_AUTOS = YES_AGGRESSIVE;
				GCC_WARN_UNUSED_FUNCTION = YES;
				GCC_WARN_UNUSED_VARIABLE = YES;
				IPHONEOS_DEPLOYMENT_TARGET = 8.2;
				MTL_ENABLE_DEBUG_INFO = YES;
				ONLY_ACTIVE_ARCH = YES;
				SDKROOT = iphoneos;
			};
			name = Debug;
		};
		9CD65B971B14269A00B4CE8A /* Release */ = {
			isa = XCBuildConfiguration;
			buildSettings = {
				ALWAYS_SEARCH_USER_PATHS = NO;
				CLANG_CXX_LANGUAGE_STANDARD = "gnu++0x";
				CLANG_CXX_LIBRARY = "libc++";
				CLANG_ENABLE_MODULES = YES;
				CLANG_ENABLE_OBJC_ARC = YES;
				CLANG_WARN_BOOL_CONVERSION = YES;
				CLANG_WARN_CONSTANT_CONVERSION = YES;
				CLANG_WARN_DIRECT_OBJC_ISA_USAGE = YES_ERROR;
				CLANG_WARN_EMPTY_BODY = YES;
				CLANG_WARN_ENUM_CONVERSION = YES;
				CLANG_WARN_INT_CONVERSION = YES;
				CLANG_WARN_OBJC_ROOT_CLASS = YES_ERROR;
				CLANG_WARN_UNREACHABLE_CODE = YES;
				CLANG_WARN__DUPLICATE_METHOD_MATCH = YES;
				"CODE_SIGN_IDENTITY[sdk=iphoneos*]" = "iPhone Developer";
				COPY_PHASE_STRIP = NO;
				ENABLE_NS_ASSERTIONS = NO;
				ENABLE_STRICT_OBJC_MSGSEND = YES;
				GCC_C_LANGUAGE_STANDARD = gnu99;
				GCC_WARN_64_TO_32_BIT_CONVERSION = YES;
				GCC_WARN_ABOUT_RETURN_TYPE = YES_ERROR;
				GCC_WARN_UNDECLARED_SELECTOR = YES;
				GCC_WARN_UNINITIALIZED_AUTOS = YES_AGGRESSIVE;
				GCC_WARN_UNUSED_FUNCTION = YES;
				GCC_WARN_UNUSED_VARIABLE = YES;
				IPHONEOS_DEPLOYMENT_TARGET = 8.2;
				MTL_ENABLE_DEBUG_INFO = NO;
				SDKROOT = iphoneos;
				VALIDATE_PRODUCT = YES;
			};
			name = Release;
		};
		9CD65B991B14269A00B4CE8A /* Debug */ = {
			isa = XCBuildConfiguration;
			buildSettings = {
				ASSETCATALOG_COMPILER_APPICON_NAME = AppIcon;
				FRAMEWORK_SEARCH_PATHS = (
					"$(inherited)",
					"$(PROJECT_DIR)/Ribbit",
				);
				INFOPLIST_FILE = Ribbit/Info.plist;
				IPHONEOS_DEPLOYMENT_TARGET = 7.1;
				LD_RUNPATH_SEARCH_PATHS = "$(inherited) @executable_path/Frameworks";
				PRODUCT_NAME = "$(TARGET_NAME)";
			};
			name = Debug;
		};
		9CD65B9A1B14269A00B4CE8A /* Release */ = {
			isa = XCBuildConfiguration;
			buildSettings = {
				ASSETCATALOG_COMPILER_APPICON_NAME = AppIcon;
				FRAMEWORK_SEARCH_PATHS = (
					"$(inherited)",
					"$(PROJECT_DIR)/Ribbit",
				);
				INFOPLIST_FILE = Ribbit/Info.plist;
				IPHONEOS_DEPLOYMENT_TARGET = 7.1;
				LD_RUNPATH_SEARCH_PATHS = "$(inherited) @executable_path/Frameworks";
				PRODUCT_NAME = "$(TARGET_NAME)";
			};
			name = Release;
		};
		9CD65B9C1B14269A00B4CE8A /* Debug */ = {
			isa = XCBuildConfiguration;
			buildSettings = {
				BUNDLE_LOADER = "$(TEST_HOST)";
				FRAMEWORK_SEARCH_PATHS = (
					"$(SDKROOT)/Developer/Library/Frameworks",
					"$(inherited)",
				);
				GCC_PREPROCESSOR_DEFINITIONS = (
					"DEBUG=1",
					"$(inherited)",
				);
				INFOPLIST_FILE = RibbitTests/Info.plist;
				LD_RUNPATH_SEARCH_PATHS = "$(inherited) @executable_path/Frameworks @loader_path/Frameworks";
				PRODUCT_NAME = "$(TARGET_NAME)";
				TEST_HOST = "$(BUILT_PRODUCTS_DIR)/Ribbit.app/Ribbit";
			};
			name = Debug;
		};
		9CD65B9D1B14269A00B4CE8A /* Release */ = {
			isa = XCBuildConfiguration;
			buildSettings = {
				BUNDLE_LOADER = "$(TEST_HOST)";
				FRAMEWORK_SEARCH_PATHS = (
					"$(SDKROOT)/Developer/Library/Frameworks",
					"$(inherited)",
				);
				INFOPLIST_FILE = RibbitTests/Info.plist;
				LD_RUNPATH_SEARCH_PATHS = "$(inherited) @executable_path/Frameworks @loader_path/Frameworks";
				PRODUCT_NAME = "$(TARGET_NAME)";
				TEST_HOST = "$(BUILT_PRODUCTS_DIR)/Ribbit.app/Ribbit";
			};
			name = Release;
		};
/* End XCBuildConfiguration section */

/* Begin XCConfigurationList section */
		9CD65B6D1B14269900B4CE8A /* Build configuration list for PBXProject "Ribbit" */ = {
			isa = XCConfigurationList;
			buildConfigurations = (
				9CD65B961B14269A00B4CE8A /* Debug */,
				9CD65B971B14269A00B4CE8A /* Release */,
			);
			defaultConfigurationIsVisible = 0;
			defaultConfigurationName = Release;
		};
		9CD65B981B14269A00B4CE8A /* Build configuration list for PBXNativeTarget "Ribbit" */ = {
			isa = XCConfigurationList;
			buildConfigurations = (
				9CD65B991B14269A00B4CE8A /* Debug */,
				9CD65B9A1B14269A00B4CE8A /* Release */,
			);
			defaultConfigurationIsVisible = 0;
			defaultConfigurationName = Release;
		};
		9CD65B9B1B14269A00B4CE8A /* Build configuration list for PBXNativeTarget "RibbitTests" */ = {
			isa = XCConfigurationList;
			buildConfigurations = (
				9CD65B9C1B14269A00B4CE8A /* Debug */,
				9CD65B9D1B14269A00B4CE8A /* Release */,
			);
			defaultConfigurationIsVisible = 0;
			defaultConfigurationName = Release;
		};
/* End XCConfigurationList section */

/* Begin XCVersionGroup section */
		9CD65B7C1B14269A00B4CE8A /* Ribbit.xcdatamodeld */ = {
			isa = XCVersionGroup;
			children = (
				9CD65B7D1B14269A00B4CE8A /* Ribbit.xcdatamodel */,
			);
			currentVersion = 9CD65B7D1B14269A00B4CE8A /* Ribbit.xcdatamodel */;
			path = Ribbit.xcdatamodeld;
			sourceTree = "<group>";
			versionGroupType = wrapper.xcdatamodel;
		};
/* End XCVersionGroup section */
	};
	rootObject = 9CD65B6A1B14269900B4CE8A /* Project object */;
}
